version = 2
okr-version = "0.1.9"
generated = "1970-01-01T00:00:00Z"
config-digest = "sha256:1dd0025b770cc8282375dcdf8351d89d0753cd18b3ca84ea5886931c6a09e5c6"
environment-digest = "sha256:e179b553943b1bebea84f085242eff264cbbd0b442a78607bd9152cfec88b760"

[[package]]
name = "gsDesign"
version = "3.11.0"
source = "github::keaven/gsDesign"
ref = "v3.11.0"
commit = "a07d8bb56c711a20f68d9e6c5c436f5e89acc613"
fetch-method = "forge-tarball"
tree-digest = "sha256:7683e10891c411039fbb3f40522e92957f8004399fa785ca3a2131f89719d821"
license = "GPL (>= 3)"

[[package]]
name = "rpact"
version = "4.4.0"
source = "github::rpact-com/rpact"
ref = "v4.4.0"
commit = "edc3f976d4f23ad19a19359454f5755f03529f70"
fetch-method = "forge-tarball"
tree-digest = "sha256:af471e8d8cd0fff01132df327da2d6d492cada2325a4f6808a017f82740919ef"
license = "LGPL-3"

[[reference]]
name = "r-manuals"
source = "github::rstudio/r-manuals"
ref = "gh-pages"
commit = "208cc2fd434ce59696604140c42b04af147340ee"
fetch-method = "forge-tarball"
tree-digest = "sha256:fc24fbf6f60612088c78530043445806b18d96b451b9aeb97249ea33882b8db3"
